// !$*UTF8*$!
{
	archiveVersion = 1;
	classes = {
	};
	objectVersion = 50;
	objects = {

/* Begin PBXBuildFile section */
		6D3EFEE526A477B500ACA245 /* Superman Not Me.gif in Resources */ = {isa = PBXBuildFile; fileRef = 6D3EFED726A477B500ACA245 /* Superman Not Me.gif */; };
		6D3EFEE626A477B500ACA245 /* cry New.gif in Resources */ = {isa = PBXBuildFile; fileRef = 6D3EFED826A477B500ACA245 /* cry New.gif */; };
		6D3EFEE726A477B500ACA245 /* Organ.gif in Resources */ = {isa = PBXBuildFile; fileRef = 6D3EFED926A477B500ACA245 /* Organ.gif */; };
		6D3EFEE826A477B500ACA245 /* weak.gif in Resources */ = {isa = PBXBuildFile; fileRef = 6D3EFEDA26A477B500ACA245 /* weak.gif */; };
		6D3EFEE926A477B500ACA245 /* Sweat.gif in Resources */ = {isa = PBXBuildFile; fileRef = 6D3EFEDB26A477B500ACA245 /* Sweat.gif */; };
		6D3EFEEA26A477B500ACA245 /* Toksin New.gif in Resources */ = {isa = PBXBuildFile; fileRef = 6D3EFEDC26A477B500ACA245 /* Toksin New.gif */; };
		6D3EFEEB26A477B500ACA245 /* Child.gif in Resources */ = {isa = PBXBuildFile; fileRef = 6D3EFEDD26A477B500ACA245 /* Child.gif */; };
		6D3EFEEC26A477B500ACA245 /* Secret.gif in Resources */ = {isa = PBXBuildFile; fileRef = 6D3EFEDE26A477B500ACA245 /* Secret.gif */; };
		6D3EFEED26A477B500ACA245 /* more water.gif in Resources */ = {isa = PBXBuildFile; fileRef = 6D3EFEDF26A477B500ACA245 /* more water.gif */; };
		6D3EFEEE26A477B500ACA245 /* Presence.gif in Resources */ = {isa = PBXBuildFile; fileRef = 6D3EFEE026A477B500ACA245 /* Presence.gif */; };
		6D3EFEEF26A477B500ACA245 /* Lembab.gif in Resources */ = {isa = PBXBuildFile; fileRef = 6D3EFEE126A477B500ACA245 /* Lembab.gif */; };
		6D3EFEF026A477B500ACA245 /* contain New.gif in Resources */ = {isa = PBXBuildFile; fileRef = 6D3EFEE226A477B500ACA245 /* contain New.gif */; };
		6D3EFEF126A477B500ACA245 /* Hero Lynn.gif in Resources */ = {isa = PBXBuildFile; fileRef = 6D3EFEE326A477B500ACA245 /* Hero Lynn.gif */; };
		6D3EFEF226A477B500ACA245 /* Profil New.gif in Resources */ = {isa = PBXBuildFile; fileRef = 6D3EFEE426A477B500ACA245 /* Profil New.gif */; };
		6DE9E26726A45FD800446DA2 /* sound1.mp3 in Resources */ = {isa = PBXBuildFile; fileRef = 6DE9E26626A45FD800446DA2 /* sound1.mp3 */; };
		6DE9E27526A460B100446DA2 /* home page.mp3 in Resources */ = {isa = PBXBuildFile; fileRef = 6DE9E27426A460B000446DA2 /* home page.mp3 */; };
		6DE9E28126A4628F00446DA2 /* stortel2.mp3 in Resources */ = {isa = PBXBuildFile; fileRef = 6DE9E27626A4628F00446DA2 /* stortel2.mp3 */; };
		6DE9E28226A4628F00446DA2 /* stortel8.mp3 in Resources */ = {isa = PBXBuildFile; fileRef = 6DE9E27726A4628F00446DA2 /* stortel8.mp3 */; };
		6DE9E28326A4628F00446DA2 /* stortel9.mp3 in Resources */ = {isa = PBXBuildFile; fileRef = 6DE9E27826A4628F00446DA2 /* stortel9.mp3 */; };
		6DE9E28426A4628F00446DA2 /* stortel10.mp3 in Resources */ = {isa = PBXBuildFile; fileRef = 6DE9E27926A4628F00446DA2 /* stortel10.mp3 */; };
		6DE9E28526A4628F00446DA2 /* stortel7.mp3 in Resources */ = {isa = PBXBuildFile; fileRef = 6DE9E27A26A4628F00446DA2 /* stortel7.mp3 */; };
		6DE9E28626A4628F00446DA2 /* stortel1.mp3 in Resources */ = {isa = PBXBuildFile; fileRef = 6DE9E27B26A4628F00446DA2 /* stortel1.mp3 */; };
		6DE9E28726A4628F00446DA2 /* stortel4.mp3 in Resources */ = {isa = PBXBuildFile; fileRef = 6DE9E27C26A4628F00446DA2 /* stortel4.mp3 */; };
		6DE9E28826A4628F00446DA2 /* stortel11.mp3 in Resources */ = {isa = PBXBuildFile; fileRef = 6DE9E27D26A4628F00446DA2 /* stortel11.mp3 */; };
		6DE9E28926A4628F00446DA2 /* stortel6.mp3 in Resources */ = {isa = PBXBuildFile; fileRef = 6DE9E27E26A4628F00446DA2 /* stortel6.mp3 */; };
		6DE9E28A26A4628F00446DA2 /* stortel5.mp3 in Resources */ = {isa = PBXBuildFile; fileRef = 6DE9E27F26A4628F00446DA2 /* stortel5.mp3 */; };
		6DE9E28B26A4628F00446DA2 /* stortel3.mp3 in Resources */ = {isa = PBXBuildFile; fileRef = 6DE9E28026A4628F00446DA2 /* stortel3.mp3 */; };
		E246C97026A25CF100E85581 /* AppDelegate.swift in Sources */ = {isa = PBXBuildFile; fileRef = E246C96F26A25CF100E85581 /* AppDelegate.swift */; };
		E246C97226A25CF100E85581 /* SceneDelegate.swift in Sources */ = {isa = PBXBuildFile; fileRef = E246C97126A25CF100E85581 /* SceneDelegate.swift */; };
		E246C97426A25CF100E85581 /* StoryTelling.swift in Sources */ = {isa = PBXBuildFile; fileRef = E246C97326A25CF100E85581 /* StoryTelling.swift */; };
		E246C97726A25CF100E85581 /* Main.storyboard in Resources */ = {isa = PBXBuildFile; fileRef = E246C97526A25CF100E85581 /* Main.storyboard */; };
		E246C97926A25CF100E85581 /* Assets.xcassets in Resources */ = {isa = PBXBuildFile; fileRef = E246C97826A25CF100E85581 /* Assets.xcassets */; };
		E246C97C26A25CF100E85581 /* LaunchScreen.storyboard in Resources */ = {isa = PBXBuildFile; fileRef = E246C97A26A25CF100E85581 /* LaunchScreen.storyboard */; };
		E262D1DD26A3ACAA008C9FF2 /* ViewController.swift in Sources */ = {isa = PBXBuildFile; fileRef = E262D1DC26A3ACAA008C9FF2 /* ViewController.swift */; };
		E262D1DF26A3B2A4008C9FF2 /* animasi.swift in Sources */ = {isa = PBXBuildFile; fileRef = E262D1DE26A3B2A4008C9FF2 /* animasi.swift */; };
		E2B67DA126A53FC50075126A /* Benefit.gif in Resources */ = {isa = PBXBuildFile; fileRef = E2B67DA026A53FC50075126A /* Benefit.gif */; };
/* End PBXBuildFile section */

/* Begin PBXFileReference section */
		6D3EFED726A477B500ACA245 /* Superman Not Me.gif */ = {isa = PBXFileReference; lastKnownFileType = image.gif; name = "Superman Not Me.gif"; path = "Lynn/Animasi Lynn/Superman Not Me.gif"; sourceTree = SOURCE_ROOT; };
		6D3EFED826A477B500ACA245 /* cry New.gif */ = {isa = PBXFileReference; lastKnownFileType = image.gif; name = "cry New.gif"; path = "Lynn/Animasi Lynn/cry New.gif"; sourceTree = SOURCE_ROOT; };
		6D3EFED926A477B500ACA245 /* Organ.gif */ = {isa = PBXFileReference; lastKnownFileType = image.gif; name = Organ.gif; path = "Lynn/Animasi Lynn/Organ.gif"; sourceTree = SOURCE_ROOT; };
		6D3EFEDA26A477B500ACA245 /* weak.gif */ = {isa = PBXFileReference; lastKnownFileType = image.gif; name = weak.gif; path = "Lynn/Animasi Lynn/weak.gif"; sourceTree = SOURCE_ROOT; };
		6D3EFEDB26A477B500ACA245 /* Sweat.gif */ = {isa = PBXFileReference; lastKnownFileType = image.gif; name = Sweat.gif; path = "Lynn/Animasi Lynn/Sweat.gif"; sourceTree = SOURCE_ROOT; };
		6D3EFEDC26A477B500ACA245 /* Toksin New.gif */ = {isa = PBXFileReference; lastKnownFileType = image.gif; name = "Toksin New.gif"; path = "Lynn/Animasi Lynn/Toksin New.gif"; sourceTree = SOURCE_ROOT; };
		6D3EFEDD26A477B500ACA245 /* Child.gif */ = {isa = PBXFileReference; lastKnownFileType = image.gif; name = Child.gif; path = "Lynn/Animasi Lynn/Child.gif"; sourceTree = SOURCE_ROOT; };
		6D3EFEDE26A477B500ACA245 /* Secret.gif */ = {isa = PBXFileReference; lastKnownFileType = image.gif; name = Secret.gif; path = "Lynn/Animasi Lynn/Secret.gif"; sourceTree = SOURCE_ROOT; };
		6D3EFEDF26A477B500ACA245 /* more water.gif */ = {isa = PBXFileReference; lastKnownFileType = image.gif; name = "more water.gif"; path = "Lynn/Animasi Lynn/more water.gif"; sourceTree = SOURCE_ROOT; };
		6D3EFEE026A477B500ACA245 /* Presence.gif */ = {isa = PBXFileReference; lastKnownFileType = image.gif; name = Presence.gif; path = "Lynn/Animasi Lynn/Presence.gif"; sourceTree = SOURCE_ROOT; };
		6D3EFEE126A477B500ACA245 /* Lembab.gif */ = {isa = PBXFileReference; lastKnownFileType = image.gif; name = Lembab.gif; path = "Lynn/Animasi Lynn/Lembab.gif"; sourceTree = SOURCE_ROOT; };
		6D3EFEE226A477B500ACA245 /* contain New.gif */ = {isa = PBXFileReference; lastKnownFileType = image.gif; name = "contain New.gif"; path = "Lynn/Animasi Lynn/contain New.gif"; sourceTree = SOURCE_ROOT; };
		6D3EFEE326A477B500ACA245 /* Hero Lynn.gif */ = {isa = PBXFileReference; lastKnownFileType = image.gif; name = "Hero Lynn.gif"; path = "Lynn/Animasi Lynn/Hero Lynn.gif"; sourceTree = SOURCE_ROOT; };
		6D3EFEE426A477B500ACA245 /* Profil New.gif */ = {isa = PBXFileReference; lastKnownFileType = image.gif; name = "Profil New.gif"; path = "Lynn/Animasi Lynn/Profil New.gif"; sourceTree = SOURCE_ROOT; };
		6DE9E26626A45FD800446DA2 /* sound1.mp3 */ = {isa = PBXFileReference; lastKnownFileType = audio.mp3; path = sound1.mp3; sourceTree = "<group>"; };
		6DE9E27426A460B000446DA2 /* home page.mp3 */ = {isa = PBXFileReference; lastKnownFileType = audio.mp3; path = "home page.mp3"; sourceTree = "<group>"; };
		6DE9E27626A4628F00446DA2 /* stortel2.mp3 */ = {isa = PBXFileReference; lastKnownFileType = audio.mp3; path = stortel2.mp3; sourceTree = "<group>"; };
		6DE9E27726A4628F00446DA2 /* stortel8.mp3 */ = {isa = PBXFileReference; lastKnownFileType = audio.mp3; path = stortel8.mp3; sourceTree = "<group>"; };
		6DE9E27826A4628F00446DA2 /* stortel9.mp3 */ = {isa = PBXFileReference; lastKnownFileType = audio.mp3; path = stortel9.mp3; sourceTree = "<group>"; };
		6DE9E27926A4628F00446DA2 /* stortel10.mp3 */ = {isa = PBXFileReference; lastKnownFileType = audio.mp3; path = stortel10.mp3; sourceTree = "<group>"; };
		6DE9E27A26A4628F00446DA2 /* stortel7.mp3 */ = {isa = PBXFileReference; lastKnownFileType = audio.mp3; path = stortel7.mp3; sourceTree = "<group>"; };
		6DE9E27B26A4628F00446DA2 /* stortel1.mp3 */ = {isa = PBXFileReference; lastKnownFileType = audio.mp3; path = stortel1.mp3; sourceTree = "<group>"; };
		6DE9E27C26A4628F00446DA2 /* stortel4.mp3 */ = {isa = PBXFileReference; lastKnownFileType = audio.mp3; path = stortel4.mp3; sourceTree = "<group>"; };
		6DE9E27D26A4628F00446DA2 /* stortel11.mp3 */ = {isa = PBXFileReference; lastKnownFileType = audio.mp3; path = stortel11.mp3; sourceTree = "<group>"; };
		6DE9E27E26A4628F00446DA2 /* stortel6.mp3 */ = {isa = PBXFileReference; lastKnownFileType = audio.mp3; path = stortel6.mp3; sourceTree = "<group>"; };
		6DE9E27F26A4628F00446DA2 /* stortel5.mp3 */ = {isa = PBXFileReference; lastKnownFileType = audio.mp3; path = stortel5.mp3; sourceTree = "<group>"; };
		6DE9E28026A4628F00446DA2 /* stortel3.mp3 */ = {isa = PBXFileReference; lastKnownFileType = audio.mp3; path = stortel3.mp3; sourceTree = "<group>"; };
		E246C96C26A25CF100E85581 /* Lynn.app */ = {isa = PBXFileReference; explicitFileType = wrapper.application; includeInIndex = 0; path = Lynn.app; sourceTree = BUILT_PRODUCTS_DIR; };
		E246C96F26A25CF100E85581 /* AppDelegate.swift */ = {isa = PBXFileReference; lastKnownFileType = sourcecode.swift; path = AppDelegate.swift; sourceTree = "<group>"; };
		E246C97126A25CF100E85581 /* SceneDelegate.swift */ = {isa = PBXFileReference; lastKnownFileType = sourcecode.swift; path = SceneDelegate.swift; sourceTree = "<group>"; };
		E246C97326A25CF100E85581 /* StoryTelling.swift */ = {isa = PBXFileReference; lastKnownFileType = sourcecode.swift; path = StoryTelling.swift; sourceTree = "<group>"; };
		E246C97626A25CF100E85581 /* Base */ = {isa = PBXFileReference; lastKnownFileType = file.storyboard; name = Base; path = Base.lproj/Main.storyboard; sourceTree = "<group>"; };
		E246C97826A25CF100E85581 /* Assets.xcassets */ = {isa = PBXFileReference; lastKnownFileType = folder.assetcatalog; path = Assets.xcassets; sourceTree = "<group>"; };
		E246C97B26A25CF100E85581 /* Base */ = {isa = PBXFileReference; lastKnownFileType = file.storyboard; name = Base; path = Base.lproj/LaunchScreen.storyboard; sourceTree = "<group>"; };
		E246C97D26A25CF100E85581 /* Info.plist */ = {isa = PBXFileReference; lastKnownFileType = text.plist.xml; path = Info.plist; sourceTree = "<group>"; };
		E262D1DC26A3ACAA008C9FF2 /* ViewController.swift */ = {isa = PBXFileReference; lastKnownFileType = sourcecode.swift; path = ViewController.swift; sourceTree = "<group>"; };
		E262D1DE26A3B2A4008C9FF2 /* animasi.swift */ = {isa = PBXFileReference; lastKnownFileType = sourcecode.swift; path = animasi.swift; sourceTree = "<group>"; };
		E2B67DA026A53FC50075126A /* Benefit.gif */ = {isa = PBXFileReference; lastKnownFileType = image.gif; path = Benefit.gif; sourceTree = "<group>"; };
/* End PBXFileReference section */

/* Begin PBXFrameworksBuildPhase section */
		E246C96926A25CF100E85581 /* Frameworks */ = {
			isa = PBXFrameworksBuildPhase;
			buildActionMask = 2147483647;
			files = (
			);
			runOnlyForDeploymentPostprocessing = 0;
		};
/* End PBXFrameworksBuildPhase section */

/* Begin PBXGroup section */
		6D3EFED626A4778500ACA245 /* Animasi Lynn */ = {
			isa = PBXGroup;
			children = (
				6D3EFEDD26A477B500ACA245 /* Child.gif */,
				6D3EFEE226A477B500ACA245 /* contain New.gif */,
				6D3EFED826A477B500ACA245 /* cry New.gif */,
				6D3EFEE326A477B500ACA245 /* Hero Lynn.gif */,
				6D3EFEE126A477B500ACA245 /* Lembab.gif */,
				6D3EFEDF26A477B500ACA245 /* more water.gif */,
				6D3EFED926A477B500ACA245 /* Organ.gif */,
				6D3EFEE026A477B500ACA245 /* Presence.gif */,
				6D3EFEE426A477B500ACA245 /* Profil New.gif */,
				6D3EFEDE26A477B500ACA245 /* Secret.gif */,
				6D3EFED726A477B500ACA245 /* Superman Not Me.gif */,
				6D3EFEDB26A477B500ACA245 /* Sweat.gif */,
				6D3EFEDC26A477B500ACA245 /* Toksin New.gif */,
				6D3EFEDA26A477B500ACA245 /* weak.gif */,
				E2B67DA026A53FC50075126A /* Benefit.gif */,
			);
			path = "Animasi Lynn";
			sourceTree = "<group>";
		};
		6DE9E25526A3D8DB00446DA2 /* Sound */ = {
			isa = PBXGroup;
			children = (
				6DE9E26626A45FD800446DA2 /* sound1.mp3 */,
				6DE9E27426A460B000446DA2 /* home page.mp3 */,
				6DE9E27B26A4628F00446DA2 /* stortel1.mp3 */,
				6DE9E27626A4628F00446DA2 /* stortel2.mp3 */,
				6DE9E28026A4628F00446DA2 /* stortel3.mp3 */,
				6DE9E27C26A4628F00446DA2 /* stortel4.mp3 */,
				6DE9E27F26A4628F00446DA2 /* stortel5.mp3 */,
				6DE9E27E26A4628F00446DA2 /* stortel6.mp3 */,
				6DE9E27A26A4628F00446DA2 /* stortel7.mp3 */,
				6DE9E27726A4628F00446DA2 /* stortel8.mp3 */,
				6DE9E27826A4628F00446DA2 /* stortel9.mp3 */,
				6DE9E27926A4628F00446DA2 /* stortel10.mp3 */,
				6DE9E27D26A4628F00446DA2 /* stortel11.mp3 */,
			);
			path = Sound;
			sourceTree = "<group>";
		};
		E246C96326A25CF100E85581 = {
			isa = PBXGroup;
			children = (
				E246C96E26A25CF100E85581 /* Lynn */,
				E246C96D26A25CF100E85581 /* Products */,
			);
			sourceTree = "<group>";
		};
		E246C96D26A25CF100E85581 /* Products */ = {
			isa = PBXGroup;
			children = (
				E246C96C26A25CF100E85581 /* Lynn.app */,
			);
			name = Products;
			sourceTree = "<group>";
		};
		E246C96E26A25CF100E85581 /* Lynn */ = {
			isa = PBXGroup;
			children = (
				6D3EFED626A4778500ACA245 /* Animasi Lynn */,
				6DE9E25526A3D8DB00446DA2 /* Sound */,
				E246C96F26A25CF100E85581 /* AppDelegate.swift */,
				E246C97126A25CF100E85581 /* SceneDelegate.swift */,
				E246C97326A25CF100E85581 /* StoryTelling.swift */,
				E262D1DC26A3ACAA008C9FF2 /* ViewController.swift */,
				E246C97526A25CF100E85581 /* Main.storyboard */,
				E246C97826A25CF100E85581 /* Assets.xcassets */,
				E246C97A26A25CF100E85581 /* LaunchScreen.storyboard */,
				E246C97D26A25CF100E85581 /* Info.plist */,
				E262D1DE26A3B2A4008C9FF2 /* animasi.swift */,
			);
			path = Lynn;
			sourceTree = "<group>";
		};
/* End PBXGroup section */

/* Begin PBXNativeTarget section */
		E246C96B26A25CF100E85581 /* Lynn */ = {
			isa = PBXNativeTarget;
			buildConfigurationList = E246C98026A25CF100E85581 /* Build configuration list for PBXNativeTarget "Lynn" */;
			buildPhases = (
				E246C96826A25CF100E85581 /* Sources */,
				E246C96926A25CF100E85581 /* Frameworks */,
				E246C96A26A25CF100E85581 /* Resources */,
			);
			buildRules = (
			);
			dependencies = (
			);
			name = Lynn;
			productName = Lynn;
			productReference = E246C96C26A25CF100E85581 /* Lynn.app */;
			productType = "com.apple.product-type.application";
		};
/* End PBXNativeTarget section */

/* Begin PBXProject section */
		E246C96426A25CF100E85581 /* Project object */ = {
			isa = PBXProject;
			attributes = {
				LastSwiftUpdateCheck = 1250;
				LastUpgradeCheck = 1250;
				TargetAttributes = {
					E246C96B26A25CF100E85581 = {
						CreatedOnToolsVersion = 12.5.1;
					};
				};
			};
			buildConfigurationList = E246C96726A25CF100E85581 /* Build configuration list for PBXProject "Lynn" */;
			compatibilityVersion = "Xcode 9.3";
			developmentRegion = en;
			hasScannedForEncodings = 0;
			knownRegions = (
				en,
				Base,
			);
			mainGroup = E246C96326A25CF100E85581;
			productRefGroup = E246C96D26A25CF100E85581 /* Products */;
			projectDirPath = "";
			projectRoot = "";
			targets = (
				E246C96B26A25CF100E85581 /* Lynn */,
			);
		};
/* End PBXProject section */

/* Begin PBXResourcesBuildPhase section */
		E246C96A26A25CF100E85581 /* Resources */ = {
			isa = PBXResourcesBuildPhase;
			buildActionMask = 2147483647;
			files = (
				E246C97C26A25CF100E85581 /* LaunchScreen.storyboard in Resources */,
				6D3EFEEB26A477B500ACA245 /* Child.gif in Resources */,
				6D3EFEF226A477B500ACA245 /* Profil New.gif in Resources */,
				6DE9E26726A45FD800446DA2 /* sound1.mp3 in Resources */,
				6D3EFEE626A477B500ACA245 /* cry New.gif in Resources */,
				6D3EFEEE26A477B500ACA245 /* Presence.gif in Resources */,
				6DE9E28726A4628F00446DA2 /* stortel4.mp3 in Resources */,
				6DE9E28426A4628F00446DA2 /* stortel10.mp3 in Resources */,
				6DE9E28926A4628F00446DA2 /* stortel6.mp3 in Resources */,
				6D3EFEED26A477B500ACA245 /* more water.gif in Resources */,
				6D3EFEEF26A477B500ACA245 /* Lembab.gif in Resources */,
				6D3EFEE526A477B500ACA245 /* Superman Not Me.gif in Resources */,
				6D3EFEE726A477B500ACA245 /* Organ.gif in Resources */,
				6D3EFEEA26A477B500ACA245 /* Toksin New.gif in Resources */,
				6DE9E28226A4628F00446DA2 /* stortel8.mp3 in Resources */,
				6DE9E28126A4628F00446DA2 /* stortel2.mp3 in Resources */,
				E246C97926A25CF100E85581 /* Assets.xcassets in Resources */,
				6D3EFEEC26A477B500ACA245 /* Secret.gif in Resources */,
				6DE9E27526A460B100446DA2 /* home page.mp3 in Resources */,
				E2B67DA126A53FC50075126A /* Benefit.gif in Resources */,
				6D3EFEE926A477B500ACA245 /* Sweat.gif in Resources */,
				6D3EFEF126A477B500ACA245 /* Hero Lynn.gif in Resources */,
				6D3EFEF026A477B500ACA245 /* contain New.gif in Resources */,
				6D3EFEE826A477B500ACA245 /* weak.gif in Resources */,
				6DE9E28626A4628F00446DA2 /* stortel1.mp3 in Resources */,
				6DE9E28A26A4628F00446DA2 /* stortel5.mp3 in Resources */,
				6DE9E28826A4628F00446DA2 /* stortel11.mp3 in Resources */,
				6DE9E28B26A4628F00446DA2 /* stortel3.mp3 in Resources */,
				6DE9E28326A4628F00446DA2 /* stortel9.mp3 in Resources */,
				E246C97726A25CF100E85581 /* Main.storyboard in Resources */,
				6DE9E28526A4628F00446DA2 /* stortel7.mp3 in Resources */,
			);
			runOnlyForDeploymentPostprocessing = 0;
		};
/* End PBXResourcesBuildPhase section */

/* Begin PBXSourcesBuildPhase section */
		E246C96826A25CF100E85581 /* Sources */ = {
			isa = PBXSourcesBuildPhase;
			buildActionMask = 2147483647;
			files = (
				E262D1DD26A3ACAA008C9FF2 /* ViewController.swift in Sources */,
				E246C97426A25CF100E85581 /* StoryTelling.swift in Sources */,
				E262D1DF26A3B2A4008C9FF2 /* animasi.swift in Sources */,
				E246C97026A25CF100E85581 /* AppDelegate.swift in Sources */,
				E246C97226A25CF100E85581 /* SceneDelegate.swift in Sources */,
			);
			runOnlyForDeploymentPostprocessing = 0;
		};
/* End PBXSourcesBuildPhase section */

/* Begin PBXVariantGroup section */
		E246C97526A25CF100E85581 /* Main.storyboard */ = {
			isa = PBXVariantGroup;
			children = (
				E246C97626A25CF100E85581 /* Base */,
			);
			name = Main.storyboard;
			sourceTree = "<group>";
		};
		E246C97A26A25CF100E85581 /* LaunchScreen.storyboard */ = {
			isa = PBXVariantGroup;
			children = (
				E246C97B26A25CF100E85581 /* Base */,
			);
			name = LaunchScreen.storyboard;
			sourceTree = "<group>";
		};
/* End PBXVariantGroup section */

/* Begin XCBuildConfiguration section */
		E246C97E26A25CF100E85581 /* Debug */ = {
			isa = XCBuildConfiguration;
			buildSettings = {
				ALWAYS_SEARCH_USER_PATHS = NO;
				CLANG_ANALYZER_NONNULL = YES;
				CLANG_ANALYZER_NUMBER_OBJECT_CONVERSION = YES_AGGRESSIVE;
				CLANG_CXX_LANGUAGE_STANDARD = "gnu++14";
				CLANG_CXX_LIBRARY = "libc++";
				CLANG_ENABLE_MODULES = YES;
				CLANG_ENABLE_OBJC_ARC = YES;
				CLANG_ENABLE_OBJC_WEAK = YES;
				CLANG_WARN_BLOCK_CAPTURE_AUTORELEASING = YES;
				CLANG_WARN_BOOL_CONVERSION = YES;
				CLANG_WARN_COMMA = YES;
				CLANG_WARN_CONSTANT_CONVERSION = YES;
				CLANG_WARN_DEPRECATED_OBJC_IMPLEMENTATIONS = YES;
				CLANG_WARN_DIRECT_OBJC_ISA_USAGE = YES_ERROR;
				CLANG_WARN_DOCUMENTATION_COMMENTS = YES;
				CLANG_WARN_EMPTY_BODY = YES;
				CLANG_WARN_ENUM_CONVERSION = YES;
				CLANG_WARN_INFINITE_RECURSION = YES;
				CLANG_WARN_INT_CONVERSION = YES;
				CLANG_WARN_NON_LITERAL_NULL_CONVERSION = YES;
				CLANG_WARN_OBJC_IMPLICIT_RETAIN_SELF = YES;
				CLANG_WARN_OBJC_LITERAL_CONVERSION = YES;
				CLANG_WARN_OBJC_ROOT_CLASS = YES_ERROR;
				CLANG_WARN_QUOTED_INCLUDE_IN_FRAMEWORK_HEADER = YES;
				CLANG_WARN_RANGE_LOOP_ANALYSIS = YES;
				CLANG_WARN_STRICT_PROTOTYPES = YES;
				CLANG_WARN_SUSPICIOUS_MOVE = YES;
				CLANG_WARN_UNGUARDED_AVAILABILITY = YES_AGGRESSIVE;
				CLANG_WARN_UNREACHABLE_CODE = YES;
				CLANG_WARN__DUPLICATE_METHOD_MATCH = YES;
				COPY_PHASE_STRIP = NO;
				DEBUG_INFORMATION_FORMAT = dwarf;
				ENABLE_STRICT_OBJC_MSGSEND = YES;
				ENABLE_TESTABILITY = YES;
				GCC_C_LANGUAGE_STANDARD = gnu11;
				GCC_DYNAMIC_NO_PIC = NO;
				GCC_NO_COMMON_BLOCKS = YES;
				GCC_OPTIMIZATION_LEVEL = 0;
				GCC_PREPROCESSOR_DEFINITIONS = (
					"DEBUG=1",
					"$(inherited)",
				);
				GCC_WARN_64_TO_32_BIT_CONVERSION = YES;
				GCC_WARN_ABOUT_RETURN_TYPE = YES_ERROR;
				GCC_WARN_UNDECLARED_SELECTOR = YES;
				GCC_WARN_UNINITIALIZED_AUTOS = YES_AGGRESSIVE;
				GCC_WARN_UNUSED_FUNCTION = YES;
				GCC_WARN_UNUSED_VARIABLE = YES;
				IPHONEOS_DEPLOYMENT_TARGET = 14.5;
				MTL_ENABLE_DEBUG_INFO = INCLUDE_SOURCE;
				MTL_FAST_MATH = YES;
				ONLY_ACTIVE_ARCH = YES;
				SDKROOT = iphoneos;
				SWIFT_ACTIVE_COMPILATION_CONDITIONS = DEBUG;
				SWIFT_OPTIMIZATION_LEVEL = "-Onone";
			};
			name = Debug;
		};
		E246C97F26A25CF100E85581 /* Release */ = {
			isa = XCBuildConfiguration;
			buildSettings = {
				ALWAYS_SEARCH_USER_PATHS = NO;
				CLANG_ANALYZER_NONNULL = YES;
				CLANG_ANALYZER_NUMBER_OBJECT_CONVERSION = YES_AGGRESSIVE;
				CLANG_CXX_LANGUAGE_STANDARD = "gnu++14";
				CLANG_CXX_LIBRARY = "libc++";
				CLANG_ENABLE_MODULES = YES;
				CLANG_ENABLE_OBJC_ARC = YES;
				CLANG_ENABLE_OBJC_WEAK = YES;
				CLANG_WARN_BLOCK_CAPTURE_AUTORELEASING = YES;
				CLANG_WARN_BOOL_CONVERSION = YES;
				CLANG_WARN_COMMA = YES;
				CLANG_WARN_CONSTANT_CONVERSION = YES;
				CLANG_WARN_DEPRECATED_OBJC_IMPLEMENTATIONS = YES;
				CLANG_WARN_DIRECT_OBJC_ISA_USAGE = YES_ERROR;
				CLANG_WARN_DOCUMENTATION_COMMENTS = YES;
				CLANG_WARN_EMPTY_BODY = YES;
				CLANG_WARN_ENUM_CONVERSION = YES;
				CLANG_WARN_INFINITE_RECURSION = YES;
				CLANG_WARN_INT_CONVERSION = YES;
				CLANG_WARN_NON_LITERAL_NULL_CONVERSION = YES;
				CLANG_WARN_OBJC_IMPLICIT_RETAIN_SELF = YES;
				CLANG_WARN_OBJC_LITERAL_CONVERSION = YES;
				CLANG_WARN_OBJC_ROOT_CLASS = YES_ERROR;
				CLANG_WARN_QUOTED_INCLUDE_IN_FRAMEWORK_HEADER = YES;
				CLANG_WARN_RANGE_LOOP_ANALYSIS = YES;
				CLANG_WARN_STRICT_PROTOTYPES = YES;
				CLANG_WARN_SUSPICIOUS_MOVE = YES;
				CLANG_WARN_UNGUARDED_AVAILABILITY = YES_AGGRESSIVE;
				CLANG_WARN_UNREACHABLE_CODE = YES;
				CLANG_WARN__DUPLICATE_METHOD_MATCH = YES;
				COPY_PHASE_STRIP = NO;
				DEBUG_INFORMATION_FORMAT = "dwarf-with-dsym";
				ENABLE_NS_ASSERTIONS = NO;
				ENABLE_STRICT_OBJC_MSGSEND = YES;
				GCC_C_LANGUAGE_STANDARD = gnu11;
				GCC_NO_COMMON_BLOCKS = YES;
				GCC_WARN_64_TO_32_BIT_CONVERSION = YES;
				GCC_WARN_ABOUT_RETURN_TYPE = YES_ERROR;
				GCC_WARN_UNDECLARED_SELECTOR = YES;
				GCC_WARN_UNINITIALIZED_AUTOS = YES_AGGRESSIVE;
				GCC_WARN_UNUSED_FUNCTION = YES;
				GCC_WARN_UNUSED_VARIABLE = YES;
				IPHONEOS_DEPLOYMENT_TARGET = 14.5;
				MTL_ENABLE_DEBUG_INFO = NO;
				MTL_FAST_MATH = YES;
				SDKROOT = iphoneos;
				SWIFT_COMPILATION_MODE = wholemodule;
				SWIFT_OPTIMIZATION_LEVEL = "-O";
				VALIDATE_PRODUCT = YES;
			};
			name = Release;
		};
		E246C98126A25CF100E85581 /* Debug */ = {
			isa = XCBuildConfiguration;
			buildSettings = {
				ASSETCATALOG_COMPILER_APPICON_NAME = AppIcon;
				ASSETCATALOG_COMPILER_GLOBAL_ACCENT_COLOR_NAME = AccentColor;
				CODE_SIGN_STYLE = Automatic;
				DEVELOPMENT_TEAM = P94HWRYJL7;
				INFOPLIST_FILE = Lynn/Info.plist;
				LD_RUNPATH_SEARCH_PATHS = (
					"$(inherited)",
					"@executable_path/Frameworks",
				);
				PRODUCT_BUNDLE_IDENTIFIER = id.infinitelearning.Lynn;
				PRODUCT_NAME = "$(TARGET_NAME)";
				SWIFT_VERSION = 5.0;
				TARGETED_DEVICE_FAMILY = "1,2";
			};
			name = Debug;
		};
		E246C98226A25CF100E85581 /* Release */ = {
			isa = XCBuildConfiguration;
			buildSettings = {
				ASSETCATALOG_COMPILER_APPICON_NAME = AppIcon;
				ASSETCATALOG_COMPILER_GLOBAL_ACCENT_COLOR_NAME = AccentColor;
				CODE_SIGN_STYLE = Automatic;
				DEVELOPMENT_TEAM = P94HWRYJL7;
				INFOPLIST_FILE = Lynn/Info.plist;
				LD_RUNPATH_SEARCH_PATHS = (
					"$(inherited)",
					"@executable_path/Frameworks",
				);
				PRODUCT_BUNDLE_IDENTIFIER = id.infinitelearning.Lynn;
				PRODUCT_NAME = "$(TARGET_NAME)";
				SWIFT_VERSION = 5.0;
				TARGETED_DEVICE_FAMILY = "1,2";
			};
			name = Release;
		};
/* End XCBuildConfiguration section */

/* Begin XCConfigurationList section */
		E246C96726A25CF100E85581 /* Build configuration list for PBXProject "Lynn" */ = {
			isa = XCConfigurationList;
			buildConfigurations = (
				E246C97E26A25CF100E85581 /* Debug */,
				E246C97F26A25CF100E85581 /* Release */,
			);
			defaultConfigurationIsVisible = 0;
			defaultConfigurationName = Release;
		};
		E246C98026A25CF100E85581 /* Build configuration list for PBXNativeTarget "Lynn" */ = {
			isa = XCConfigurationList;
			buildConfigurations = (
				E246C98126A25CF100E85581 /* Debug */,
				E246C98226A25CF100E85581 /* Release */,
			);
			defaultConfigurationIsVisible = 0;
			defaultConfigurationName = Release;
		};
/* End XCConfigurationList section */
	};
	rootObject = E246C96426A25CF100E85581 /* Project object */;
}
